Microsoft Visual Studio Solution File, Format Version 12.00
# Visual Studio Version 17
VisualStudioVersion = 17.2.32630.192
MinimumVisualStudioVersion = 10.0.40219.1
Project("{8BC9CEB8-8B4A-11D0-8D11-00A0C91BC942}") = "Atum", "Atum\Atum.vcxproj", "{5760FA76-7398-40DB-8DB3-1C4455BB5AC3}"
EndProject
Project("{8BC9CEB8-8B4A-11D0-8D11-00A0C91BC942}") = "AtumLauncher", "AtumLauncher\AtumLauncher.vcxproj", "{ECFD6B4C-AF6B-4B51-B221-B13309ACFCE8}"
EndProject
Project("{8BC9CEB8-8B4A-11D0-8D11-00A0C91BC942}") = "AtumMonitor", "AtumMonitor\AtumMonitor.vcxproj", "{911B5203-3174-4DD1-AA1A-25BA10E08A03}"
EndProject
Project("{8BC9CEB8-8B4A-11D0-8D11-00A0C91BC942}") = "FieldServer", "FieldServer\FieldServer.vcxproj", "{398251B1-7FB6-42DD-A489-58E8928CB661}"
	ProjectSection(ProjectDependencies) = postProject
		{EC5CDF7D-051D-4081-8AA6-0A54D5237124} = {EC5CDF7D-051D-4081-8AA6-0A54D5237124}
	EndProjectSection
EndProject
Project("{8BC9CEB8-8B4A-11D0-8D11-00A0C91BC942}") = "IMServer", "IMServer\IMServer.vcxproj", "{AE0B5C98-4CAF-4C19-B899-B3C421063A51}"
EndProject
Project("{8BC9CEB8-8B4A-11D0-8D11-00A0C91BC942}") = "LogServer", "LogServer\LogServer.vcxproj", "{5C6A7FD1-A3FE-4615-9B09-9E74E0A31708}"
EndProject
Project("{8BC9CEB8-8B4A-11D0-8D11-00A0C91BC942}") = "NPCServer", "NPCServer\NPCServer.vcxproj", "{23A78141-1801-4894-A9D2-1889FC964D07}"
EndProject
Project("{8BC9CEB8-8B4A-11D0-8D11-00A0C91BC942}") = "PreServer", "PreServer\PreServer.vcxproj", "{57A6D2D6-C3D5-44AD-BB48-82F99E638CDF}"
EndProject
Project("{8BC9CEB8-8B4A-11D0-8D11-00A0C91BC942}") = "QuestLoader", "QuestLoader\QuestLoader.vcxproj", "{FE6E33DA-466C-4C12-BD19-43EDE1B1B970}"
EndProject
Project("{8BC9CEB8-8B4A-11D0-8D11-00A0C91BC942}") = "QuestLoaderLib", "QuestLoaderLib\QuestLoaderLib.vcxproj", "{EC5CDF7D-051D-4081-8AA6-0A54D5237124}"
	ProjectSection(ProjectDependencies) = postProject
		{FE6E33DA-466C-4C12-BD19-43EDE1B1B970} = {FE6E33DA-466C-4C12-BD19-43EDE1B1B970}
	EndProjectSection
EndProject
Project("{8BC9CEB8-8B4A-11D0-8D11-00A0C91BC942}") = "SpaceCowboyDBEditorTool", "SpaceCowboyDBEditorTool\SpaceCowboyDBEditorTool.vcxproj", "{54B2DBAF-C7F8-4D3D-BC1E-1AB515467498}"
	ProjectSection(ProjectDependencies) = postProject
		{EC5CDF7D-051D-4081-8AA6-0A54D5237124} = {EC5CDF7D-051D-4081-8AA6-0A54D5237124}
	EndProjectSection
EndProject
Project("{8BC9CEB8-8B4A-11D0-8D11-00A0C91BC942}") = "AtumAdminTool", "AtumAdminTool\AtumAdminTool.vcxproj", "{91F7D286-33BB-4113-8D6A-334659D8D3E8}"
	ProjectSection(ProjectDependencies) = postProject
		{ECFD6B4C-AF6B-4B51-B221-B13309ACFCE8} = {ECFD6B4C-AF6B-4B51-B221-B13309ACFCE8}
	EndProjectSection
EndProject
Global
	GlobalSection(SolutionConfigurationPlatforms) = preSolution
		R_Evo|Win32 = R_Evo|Win32
		R_Evo|x64 = R_Evo|x64
		R_Evo_ARENA|Win32 = R_Evo_ARENA|Win32
		R_Evo_ARENA|x64 = R_Evo_ARENA|x64
	EndGlobalSection
	GlobalSection(ProjectConfigurationPlatforms) = postSolution
		{5760FA76-7398-40DB-8DB3-1C4455BB5AC3}.R_Evo|Win32.ActiveCfg = R_Evo|Win32
		{5760FA76-7398-40DB-8DB3-1C4455BB5AC3}.R_Evo|Win32.Build.0 = R_Evo|Win32
		{5760FA76-7398-40DB-8DB3-1C4455BB5AC3}.R_Evo|x64.ActiveCfg = R_Evo|Win32
		{5760FA76-7398-40DB-8DB3-1C4455BB5AC3}.R_Evo_ARENA|Win32.ActiveCfg = R_Evo_ARENA|Win32
		{5760FA76-7398-40DB-8DB3-1C4455BB5AC3}.R_Evo_ARENA|Win32.Build.0 = R_Evo_ARENA|Win32
		{5760FA76-7398-40DB-8DB3-1C4455BB5AC3}.R_Evo_ARENA|x64.ActiveCfg = R_Evo_ARENA|Win32
		{ECFD6B4C-AF6B-4B51-B221-B13309ACFCE8}.R_Evo|Win32.ActiveCfg = R_Evo|Win32
		{ECFD6B4C-AF6B-4B51-B221-B13309ACFCE8}.R_Evo|Win32.Build.0 = R_Evo|Win32
		{ECFD6B4C-AF6B-4B51-B221-B13309ACFCE8}.R_Evo|x64.ActiveCfg = R_Evo|Win32
		{ECFD6B4C-AF6B-4B51-B221-B13309ACFCE8}.R_Evo_ARENA|Win32.ActiveCfg = R_Evo_ARENA|Win32
		{ECFD6B4C-AF6B-4B51-B221-B13309ACFCE8}.R_Evo_ARENA|Win32.Build.0 = R_Evo_ARENA|Win32
		{ECFD6B4C-AF6B-4B51-B221-B13309ACFCE8}.R_Evo_ARENA|x64.ActiveCfg = R_Evo_ARENA|Win32
		{911B5203-3174-4DD1-AA1A-25BA10E08A03}.R_Evo|Win32.ActiveCfg = R_Evo|Win32
		{911B5203-3174-4DD1-AA1A-25BA10E08A03}.R_Evo|Win32.Build.0 = R_Evo|Win32
		{911B5203-3174-4DD1-AA1A-25BA10E08A03}.R_Evo|x64.ActiveCfg = R_Evo|Win32
		{911B5203-3174-4DD1-AA1A-25BA10E08A03}.R_Evo_ARENA|Win32.ActiveCfg = R_Evo_ARENA|Win32
		{911B5203-3174-4DD1-AA1A-25BA10E08A03}.R_Evo_ARENA|Win32.Build.0 = R_Evo_ARENA|Win32
		{911B5203-3174-4DD1-AA1A-25BA10E08A03}.R_Evo_ARENA|x64.ActiveCfg = R_Evo_ARENA|Win32
		{398251B1-7FB6-42DD-A489-58E8928CB661}.R_Evo|Win32.ActiveCfg = R_Evo|Win32
		{398251B1-7FB6-42DD-A489-58E8928CB661}.R_Evo|Win32.Build.0 = R_Evo|Win32
		{398251B1-7FB6-42DD-A489-58E8928CB661}.R_Evo|x64.ActiveCfg = R_Evo|x64
		{398251B1-7FB6-42DD-A489-58E8928CB661}.R_Evo|x64.Build.0 = R_Evo|x64
		{398251B1-7FB6-42DD-A489-58E8928CB661}.R_Evo_ARENA|Win32.ActiveCfg = R_Evo_ARENA|Win32
		{398251B1-7FB6-42DD-A489-58E8928CB661}.R_Evo_ARENA|Win32.Build.0 = R_Evo_ARENA|Win32
		{398251B1-7FB6-42DD-A489-58E8928CB661}.R_Evo_ARENA|x64.ActiveCfg = R_Evo_ARENA|x64
		{398251B1-7FB6-42DD-A489-58E8928CB661}.R_Evo_ARENA|x64.Build.0 = R_Evo_ARENA|x64
		{AE0B5C98-4CAF-4C19-B899-B3C421063A51}.R_Evo|Win32.ActiveCfg = R_Evo|Win32
		{AE0B5C98-4CAF-4C19-B899-B3C421063A51}.R_Evo|Win32.Build.0 = R_Evo|Win32
		{AE0B5C98-4CAF-4C19-B899-B3C421063A51}.R_Evo|x64.ActiveCfg = R_Evo|x64
		{AE0B5C98-4CAF-4C19-B899-B3C421063A51}.R_Evo|x64.Build.0 = R_Evo|x64
		{AE0B5C98-4CAF-4C19-B899-B3C421063A51}.R_Evo_ARENA|Win32.ActiveCfg = R_Evo_ARENA|Win32
		{AE0B5C98-4CAF-4C19-B899-B3C421063A51}.R_Evo_ARENA|Win32.Build.0 = R_Evo_ARENA|Win32
		{AE0B5C98-4CAF-4C19-B899-B3C421063A51}.R_Evo_ARENA|x64.ActiveCfg = R_Evo_ARENA|x64
		{AE0B5C98-4CAF-4C19-B899-B3C421063A51}.R_Evo_ARENA|x64.Build.0 = R_Evo_ARENA|x64
		{5C6A7FD1-A3FE-4615-9B09-9E74E0A31708}.R_Evo|Win32.ActiveCfg = R_Evo|Win32
		{5C6A7FD1-A3FE-4615-9B09-9E74E0A31708}.R_Evo|Win32.Build.0 = R_Evo|Win32
		{5C6A7FD1-A3FE-4615-9B09-9E74E0A31708}.R_Evo|x64.ActiveCfg = R_Evo|x64
		{5C6A7FD1-A3FE-4615-9B09-9E74E0A31708}.R_Evo|x64.Build.0 = R_Evo|x64
		{5C6A7FD1-A3FE-4615-9B09-9E74E0A31708}.R_Evo_ARENA|Win32.ActiveCfg = R_Evo_ARENA|Win32
		{5C6A7FD1-A3FE-4615-9B09-9E74E0A31708}.R_Evo_ARENA|Win32.Build.0 = R_Evo_ARENA|Win32
		{5C6A7FD1-A3FE-4615-9B09-9E74E0A31708}.R_Evo_ARENA|x64.ActiveCfg = R_Evo_ARENA|x64
		{5C6A7FD1-A3FE-4615-9B09-9E74E0A31708}.R_Evo_ARENA|x64.Build.0 = R_Evo_ARENA|x64
		{23A78141-1801-4894-A9D2-1889FC964D07}.R_Evo|Win32.ActiveCfg = R_Evo|Win32
		{23A78141-1801-4894-A9D2-1889FC964D07}.R_Evo|Win32.Build.0 = R_Evo|Win32
		{23A78141-1801-4894-A9D2-1889FC964D07}.R_Evo|x64.ActiveCfg = R_Evo|x64
		{23A78141-1801-4894-A9D2-1889FC964D07}.R_Evo|x64.Build.0 = R_Evo|x64
		{23A78141-1801-4894-A9D2-1889FC964D07}.R_Evo_ARENA|Win32.ActiveCfg = R_Evo_ARENA|Win32
		{23A78141-1801-4894-A9D2-1889FC964D07}.R_Evo_ARENA|Win32.Build.0 = R_Evo_ARENA|Win32
		{23A78141-1801-4894-A9D2-1889FC964D07}.R_Evo_ARENA|x64.ActiveCfg = R_Evo_ARENA|x64
		{23A78141-1801-4894-A9D2-1889FC964D07}.R_Evo_ARENA|x64.Build.0 = R_Evo_ARENA|x64
		{57A6D2D6-C3D5-44AD-BB48-82F99E638CDF}.R_Evo|Win32.ActiveCfg = R_Evo|Win32
		{57A6D2D6-C3D5-44AD-BB48-82F99E638CDF}.R_Evo|Win32.Build.0 = R_Evo|Win32
		{57A6D2D6-C3D5-44AD-BB48-82F99E638CDF}.R_Evo|x64.ActiveCfg = R_Evo|x64
		{57A6D2D6-C3D5-44AD-BB48-82F99E638CDF}.R_Evo|x64.Build.0 = R_Evo|x64
		{57A6D2D6-C3D5-44AD-BB48-82F99E638CDF}.R_Evo_ARENA|Win32.ActiveCfg = R_Evo_ARENA|Win32
		{57A6D2D6-C3D5-44AD-BB48-82F99E638CDF}.R_Evo_ARENA|Win32.Build.0 = R_Evo_ARENA|Win32
		{57A6D2D6-C3D5-44AD-BB48-82F99E638CDF}.R_Evo_ARENA|x64.ActiveCfg = R_Evo_ARENA|x64
		{57A6D2D6-C3D5-44AD-BB48-82F99E638CDF}.R_Evo_ARENA|x64.Build.0 = R_Evo_ARENA|x64
		{FE6E33DA-466C-4C12-BD19-43EDE1B1B970}.R_Evo|Win32.ActiveCfg = R_Evo|Win32
		{FE6E33DA-466C-4C12-BD19-43EDE1B1B970}.R_Evo|Win32.Build.0 = R_Evo|Win32
		{FE6E33DA-466C-4C12-BD19-43EDE1B1B970}.R_Evo|x64.ActiveCfg = R_Evo|x64
		{FE6E33DA-466C-4C12-BD19-43EDE1B1B970}.R_Evo|x64.Build.0 = R_Evo|x64
		{FE6E33DA-466C-4C12-BD19-43EDE1B1B970}.R_Evo_ARENA|Win32.ActiveCfg = R_Evo_ARENA|Win32
		{FE6E33DA-466C-4C12-BD19-43EDE1B1B970}.R_Evo_ARENA|Win32.Build.0 = R_Evo_ARENA|Win32
		{FE6E33DA-466C-4C12-BD19-43EDE1B1B970}.R_Evo_ARENA|x64.ActiveCfg = R_Evo_ARENA|x64
		{FE6E33DA-466C-4C12-BD19-43EDE1B1B970}.R_Evo_ARENA|x64.Build.0 = R_Evo_ARENA|x64
		{EC5CDF7D-051D-4081-8AA6-0A54D5237124}.R_Evo|Win32.ActiveCfg = R_Evo|Win32
		{EC5CDF7D-051D-4081-8AA6-0A54D5237124}.R_Evo|Win32.Build.0 = R_Evo|Win32
		{EC5CDF7D-051D-4081-8AA6-0A54D5237124}.R_Evo|x64.ActiveCfg = R_Evo|x64
		{EC5CDF7D-051D-4081-8AA6-0A54D5237124}.R_Evo|x64.Build.0 = R_Evo|x64
		{EC5CDF7D-051D-4081-8AA6-0A54D5237124}.R_Evo_ARENA|Win32.ActiveCfg = R_Evo_ARENA|Win32
		{EC5CDF7D-051D-4081-8AA6-0A54D5237124}.R_Evo_ARENA|Win32.Build.0 = R_Evo_ARENA|Win32
		{EC5CDF7D-051D-4081-8AA6-0A54D5237124}.R_Evo_ARENA|x64.ActiveCfg = R_Evo_ARENA|x64
		{EC5CDF7D-051D-4081-8AA6-0A54D5237124}.R_Evo_ARENA|x64.Build.0 = R_Evo_ARENA|x64
		{54B2DBAF-C7F8-4D3D-BC1E-1AB515467498}.R_Evo|Win32.ActiveCfg = R_Evo|Win32
		{54B2DBAF-C7F8-4D3D-BC1E-1AB515467498}.R_Evo|Win32.Build.0 = R_Evo|Win32
		{54B2DBAF-C7F8-4D3D-BC1E-1AB515467498}.R_Evo|x64.ActiveCfg = R_Evo|Win32
		{54B2DBAF-C7F8-4D3D-BC1E-1AB515467498}.R_Evo_ARENA|Win32.ActiveCfg = R_Evo_ARENA|Win32
		{54B2DBAF-C7F8-4D3D-BC1E-1AB515467498}.R_Evo_ARENA|Win32.Build.0 = R_Evo_ARENA|Win32
		{54B2DBAF-C7F8-4D3D-BC1E-1AB515467498}.R_Evo_ARENA|x64.ActiveCfg = R_Evo_ARENA|Win32
		{91F7D286-33BB-4113-8D6A-334659D8D3E8}.R_Evo|Win32.ActiveCfg = R_Evo|Win32
		{91F7D286-33BB-4113-8D6A-334659D8D3E8}.R_Evo|Win32.Build.0 = R_Evo|Win32
		{91F7D286-33BB-4113-8D6A-334659D8D3E8}.R_Evo|x64.ActiveCfg = R_Evo|Win32
		{91F7D286-33BB-4113-8D6A-334659D8D3E8}.R_Evo_ARENA|Win32.ActiveCfg = R_Evo_ARENA|Win32
		{91F7D286-33BB-4113-8D6A-334659D8D3E8}.R_Evo_ARENA|Win32.Build.0 = R_Evo_ARENA|Win32
		{91F7D286-33BB-4113-8D6A-334659D8D3E8}.R_Evo_ARENA|x64.ActiveCfg = R_Evo_ARENA|Win32
	EndGlobalSection
	GlobalSection(SolutionProperties) = preSolution
		HideSolutionNode = FALSE
	EndGlobalSection
	GlobalSection(ExtensibilityGlobals) = postSolution
		SolutionGuid = {F700C270-8916-4F44-9139-650C4A853FF6}
	EndGlobalSection
EndGlobal
