<?xml version="1.0" encoding="utf-8"?>
<Project ToolsVersion="4.0" xmlns="http://schemas.microsoft.com/developer/msbuild/2003">
  <ItemGroup>
    <Filter Include="Source Files">
      <UniqueIdentifier>{2e79b59a-43a4-441d-97e3-23072019f97f}</UniqueIdentifier>
      <Extensions>cpp;c;cxx;rc;def;r;odl;idl;hpj;bat</Extensions>
    </Filter>
    <Filter Include="Header Files">
      <UniqueIdentifier>{e4df8e78-ca24-4657-8bb6-85566530ad29}</UniqueIdentifier>
      <Extensions>h;hpp;hxx;hm;inl</Extensions>
    </Filter>
  </ItemGroup>
  <ItemGroup>
    <ClCompile Include="main\AbuseFilter.cpp">
      <Filter>Source Files</Filter>
    </ClCompile>
    <ClCompile Include="main\AtumThread.cpp">
      <Filter>Source Files</Filter>
    </ClCompile>
    <ClCompile Include="main\Cinema.cpp">
      <Filter>Source Files</Filter>
    </ClCompile>
    <ClCompile Include="main\ClientParty.cpp">
      <Filter>Source Files</Filter>
    </ClCompile>
    <ClCompile Include="main\CodeTrans.cpp">
      <Filter>Source Files</Filter>
    </ClCompile>
    <ClCompile Include="main\ExploreHost.cpp">
      <Filter>Source Files</Filter>
    </ClCompile>
    <ClCompile Include="main\FileHeader.cpp">
      <Filter>Source Files</Filter>
    </ClCompile>
    <ClCompile Include="main\Frustum.cpp">
      <Filter>Source Files</Filter>
    </ClCompile>
    <ClCompile Include="main\GameDataLast.cpp">
      <Filter>Source Files</Filter>
    </ClCompile>
    <ClCompile Include="main\Iexplore.cpp">
      <Filter>Source Files</Filter>
    </ClCompile>
    <ClCompile Include="main\ImageManager.cpp">
      <Filter>Source Files</Filter>
    </ClCompile>
    <ClCompile Include="main\InputManager.cpp">
      <Filter>Source Files</Filter>
    </ClCompile>
    <ClCompile Include="main\ItemInfo.cpp">
      <Filter>Source Files</Filter>
    </ClCompile>
    <ClCompile Include="main\PkNormalTimer.cpp">
      <Filter>Source Files</Filter>
    </ClCompile>
    <ClCompile Include="main\Profiler.cpp">
      <Filter>Source Files</Filter>
    </ClCompile>
    <ClCompile Include="main\Skill.cpp">
      <Filter>Source Files</Filter>
    </ClCompile>
    <ClCompile Include="main\SkillInfo.cpp">
      <Filter>Source Files</Filter>
    </ClCompile>
    <ClCompile Include="main\TickTimeProcess.cpp">
      <Filter>Source Files</Filter>
    </ClCompile>
    <ClCompile Include="main\TutorialSystem.cpp">
      <Filter>Source Files</Filter>
    </ClCompile>
    <ClCompile Include="main\WeaponItemInfo.cpp">
      <Filter>Source Files</Filter>
    </ClCompile>
    <ClCompile Include="..\..\Common\AtumData.cpp">
      <Filter>Source Files</Filter>
    </ClCompile>
    <ClCompile Include="..\..\Common\AtumDateTime.cpp">
      <Filter>Source Files</Filter>
    </ClCompile>
    <ClCompile Include="..\..\Common\AtumGlobal.cpp">
      <Filter>Source Files</Filter>
    </ClCompile>
    <ClCompile Include="..\..\Common\AtumNode.cpp">
      <Filter>Source Files</Filter>
    </ClCompile>
    <ClCompile Include="..\..\Common\AtumParamProtocol.cpp">
      <Filter>Source Files</Filter>
    </ClCompile>
    <ClCompile Include="..\..\Common\AtumParamProtocolFunctions.cpp">
      <Filter>Source Files</Filter>
    </ClCompile>
    <ClCompile Include="..\..\Common\AtumSJ.cpp">
      <Filter>Source Files</Filter>
    </ClCompile>
    <ClCompile Include="..\..\Common\UIScale.cpp">
      <Filter>Source Files</Filter>
    </ClCompile>
    <ClCompile Include="..\..\Common\FunctionLog.cpp">
      <Filter>Source Files</Filter>
    </ClCompile>
    <ClCompile Include="..\..\Common\FunctionLogGFunctions.cpp">
      <Filter>Source Files</Filter>
    </ClCompile>
    <ClCompile Include="..\..\Common\MGameDecryption.cpp">
      <Filter>Source Files</Filter>
    </ClCompile>
    <ClCompile Include="..\..\Common\Quest.cpp">
      <Filter>Source Files</Filter>
    </ClCompile>
    <ClCompile Include="..\..\Common\sha256.cpp">
      <Filter>Source Files</Filter>
    </ClCompile>
    <ClCompile Include="..\..\Common\UserVariable.cpp">
      <Filter>Source Files</Filter>
    </ClCompile>
  </ItemGroup>
  <ItemGroup>
    <ClInclude Include="main\AbuseFilter.h">
      <Filter>Header Files</Filter>
    </ClInclude>
    <ClInclude Include="main\AtumThread.h">
      <Filter>Header Files</Filter>
    </ClInclude>
    <ClInclude Include="main\Cinema.h">
      <Filter>Header Files</Filter>
    </ClInclude>
    <ClInclude Include="main\ClientParty.h">
      <Filter>Header Files</Filter>
    </ClInclude>
    <ClInclude Include="main\CodeTrans.h">
      <Filter>Header Files</Filter>
    </ClInclude>
    <ClInclude Include="main\ExploreHost.h">
      <Filter>Header Files</Filter>
    </ClInclude>
    <ClInclude Include="main\FileHeader.h">
      <Filter>Header Files</Filter>
    </ClInclude>
    <ClInclude Include="main\Frustum.h">
      <Filter>Header Files</Filter>
    </ClInclude>
    <ClInclude Include="main\GameDataLast.h">
      <Filter>Header Files</Filter>
    </ClInclude>
    <ClInclude Include="main\IExplore.h">
      <Filter>Header Files</Filter>
    </ClInclude>
    <ClInclude Include="main\ImageManager.h">
      <Filter>Header Files</Filter>
    </ClInclude>
    <ClInclude Include="main\InputManager.h">
      <Filter>Header Files</Filter>
    </ClInclude>
    <ClInclude Include="main\ItemInfo.h">
      <Filter>Header Files</Filter>
    </ClInclude>
    <ClInclude Include="main\PkNormalTimer.h">
      <Filter>Header Files</Filter>
    </ClInclude>
    <ClInclude Include="main\Profiler.h">
      <Filter>Header Files</Filter>
    </ClInclude>
    <ClInclude Include="main\RangeTime.h">
      <Filter>Header Files</Filter>
    </ClInclude>
    <ClInclude Include="main\Skill.h">
      <Filter>Header Files</Filter>
    </ClInclude>
    <ClInclude Include="main\SkillInfo.h">
      <Filter>Header Files</Filter>
    </ClInclude>
    <ClInclude Include="main\TickTimeProcess.h">
      <Filter>Header Files</Filter>
    </ClInclude>
    <ClInclude Include="main\TutorialSystem.h">
      <Filter>Header Files</Filter>
    </ClInclude>
    <ClInclude Include="main\WeaponItemInfo.h">
      <Filter>Header Files</Filter>
    </ClInclude>
    <ClInclude Include="..\..\Common\AtumDataLoader.h">
      <Filter>Header Files</Filter>
    </ClInclude>
    <ClInclude Include="..\..\Common\AtumDateTime.h">
      <Filter>Header Files</Filter>
    </ClInclude>
    <ClInclude Include="..\..\Common\AtumSJ.h">
      <Filter>Header Files</Filter>
    </ClInclude>
    <ClInclude Include="..\..\Common\MGameDecryption.h">
      <Filter>Header Files</Filter>
    </ClInclude>
    <ClInclude Include="..\..\Common\Quest.h">
      <Filter>Header Files</Filter>
    </ClInclude>
    <ClInclude Include="..\..\Common\QuestLoaderParser.h">
      <Filter>Header Files</Filter>
    </ClInclude>
    <ClInclude Include="..\..\Common\sha256.h">
      <Filter>Header Files</Filter>
    </ClInclude>
    <ClInclude Include="..\..\Common\UserVariable.h">
      <Filter>Header Files</Filter>
    </ClInclude>
  </ItemGroup>
</Project>